
Microsoft Visual Studio Solution File, Format Version 12.00
# Visual Studio 14
VisualStudioVersion = 14.0.25420.1
MinimumVisualStudioVersion = 10.0.40219.1
Project("{FAE04EC0-301F-11D3-BF4B-00C04F79EFBC}") = "ModelGenWizard", "ModelGenWizard\ModelGenWizard.csproj", "{D2C0124A-3F49-4BA3-91C8-E3F476AE64C2}"
EndProject
Project("{FAE04EC0-301F-11D3-BF4B-00C04F79EFBC}") = "BOSCCTemplate", "BOSCCTemplate\BOSCCTemplate.csproj", "{42086B50-DDC5-49FF-AF3C-0CBDB29AE431}"
EndProject
Project("{FAE04EC0-301F-11D3-BF4B-00C04F79EFBC}") = "BOSCCvsix", "BOSCCvsix\BOSCCvsix.csproj", "{0626306E-AA90-4557-8742-19628A1E48AF}"
EndProject
Project("{00D1A9C2-B5F0-4AF3-8072-F6C62B433612}") = "Fruit", "Fruit\Fruit.sqlproj", "{ECA80BD5-CE4E-4FC7-B544-2149E9EE5816}"
EndProject
Global
	GlobalSection(SolutionConfigurationPlatforms) = preSolution
		Debug|Any CPU = Debug|Any CPU
		Release|Any CPU = Release|Any CPU
	EndGlobalSection
	GlobalSection(ProjectConfigurationPlatforms) = postSolution
		{D2C0124A-3F49-4BA3-91C8-E3F476AE64C2}.Debug|Any CPU.ActiveCfg = Debug|Any CPU
		{D2C0124A-3F49-4BA3-91C8-E3F476AE64C2}.Debug|Any CPU.Build.0 = Debug|Any CPU
		{D2C0124A-3F49-4BA3-91C8-E3F476AE64C2}.Release|Any CPU.ActiveCfg = Release|Any CPU
		{D2C0124A-3F49-4BA3-91C8-E3F476AE64C2}.Release|Any CPU.Build.0 = Release|Any CPU
		{42086B50-DDC5-49FF-AF3C-0CBDB29AE431}.Debug|Any CPU.ActiveCfg = Debug|Any CPU
		{42086B50-DDC5-49FF-AF3C-0CBDB29AE431}.Debug|Any CPU.Build.0 = Debug|Any CPU
		{42086B50-DDC5-49FF-AF3C-0CBDB29AE431}.Release|Any CPU.ActiveCfg = Release|Any CPU
		{42086B50-DDC5-49FF-AF3C-0CBDB29AE431}.Release|Any CPU.Build.0 = Release|Any CPU
		{0626306E-AA90-4557-8742-19628A1E48AF}.Debug|Any CPU.ActiveCfg = Debug|Any CPU
		{0626306E-AA90-4557-8742-19628A1E48AF}.Debug|Any CPU.Build.0 = Debug|Any CPU
		{0626306E-AA90-4557-8742-19628A1E48AF}.Release|Any CPU.ActiveCfg = Release|Any CPU
		{0626306E-AA90-4557-8742-19628A1E48AF}.Release|Any CPU.Build.0 = Release|Any CPU
		{ECA80BD5-CE4E-4FC7-B544-2149E9EE5816}.Debug|Any CPU.ActiveCfg = Debug|Any CPU
		{ECA80BD5-CE4E-4FC7-B544-2149E9EE5816}.Debug|Any CPU.Build.0 = Debug|Any CPU
		{ECA80BD5-CE4E-4FC7-B544-2149E9EE5816}.Debug|Any CPU.Deploy.0 = Debug|Any CPU
		{ECA80BD5-CE4E-4FC7-B544-2149E9EE5816}.Release|Any CPU.ActiveCfg = Release|Any CPU
		{ECA80BD5-CE4E-4FC7-B544-2149E9EE5816}.Release|Any CPU.Build.0 = Release|Any CPU
		{ECA80BD5-CE4E-4FC7-B544-2149E9EE5816}.Release|Any CPU.Deploy.0 = Release|Any CPU
	EndGlobalSection
	GlobalSection(SolutionProperties) = preSolution
		HideSolutionNode = FALSE
	EndGlobalSection
EndGlobal
